{
  "name": "product-kit-github-action-test",
<<<<<<< HEAD
  "version": "1.0.3",
=======
  "version": "1.0.4",
>>>>>>> develop
  "lockfileVersion": 2,
  "requires": true,
  "packages": {
    "": {
      "name": "product-kit-github-action-test",
<<<<<<< HEAD
      "version": "1.0.3",
=======
      "version": "1.0.4",
>>>>>>> develop
      "license": "ISC"
    }
  }
}
